
Microsoft Visual Studio Solution File, Format Version 12.00
# Visual Studio Version 16
VisualStudioVersion = 16.0.31515.178
MinimumVisualStudioVersion = 10.0.40219.1
Project("{9A19103F-16F7-4668-BE54-9A1E7A4F7556}") = "Task_01_02", "Task_01_02\Task_01_02.csproj", "{012D5B51-F4CE-4F1A-A78A-F4B3157EB70D}"
EndProject
Project("{9A19103F-16F7-4668-BE54-9A1E7A4F7556}") = "Task_01_03", "Task_01_03\Task_01_03.csproj", "{BB6B24B3-2D53-4483-A563-1759855BFEA9}"
EndProject
Project("{9A19103F-16F7-4668-BE54-9A1E7A4F7556}") = "Task_01_04", "Task_01_04\Task_01_04.csproj", "{BD861FA9-7AF9-459D-88D6-98493D9055C8}"
EndProject
Project("{9A19103F-16F7-4668-BE54-9A1E7A4F7556}") = "Task_02_02", "Task_02_02\Task_02_02.csproj", "{448028A2-687B-44FA-AE48-15AC9C18470B}"
EndProject
Project("{FAE04EC0-301F-11D3-BF4B-00C04F79EFBC}") = "Task_02_03", "Task_02_03\Task_02_03.csproj", "{12F2115C-E4DE-46A6-8CCE-F938B05B250B}"
EndProject
Project("{FAE04EC0-301F-11D3-BF4B-00C04F79EFBC}") = "Task_02_04", "Task_02_04\Task_02_04.csproj", "{CF164919-CB09-4346-BA95-BECBB2EE9A81}"
EndProject
Global
	GlobalSection(SolutionConfigurationPlatforms) = preSolution
		Debug|Any CPU = Debug|Any CPU
		Release|Any CPU = Release|Any CPU
	EndGlobalSection
	GlobalSection(ProjectConfigurationPlatforms) = postSolution
		{012D5B51-F4CE-4F1A-A78A-F4B3157EB70D}.Debug|Any CPU.ActiveCfg = Debug|Any CPU
		{012D5B51-F4CE-4F1A-A78A-F4B3157EB70D}.Debug|Any CPU.Build.0 = Debug|Any CPU
		{012D5B51-F4CE-4F1A-A78A-F4B3157EB70D}.Release|Any CPU.ActiveCfg = Release|Any CPU
		{012D5B51-F4CE-4F1A-A78A-F4B3157EB70D}.Release|Any CPU.Build.0 = Release|Any CPU
		{BB6B24B3-2D53-4483-A563-1759855BFEA9}.Debug|Any CPU.ActiveCfg = Debug|Any CPU
		{BB6B24B3-2D53-4483-A563-1759855BFEA9}.Debug|Any CPU.Build.0 = Debug|Any CPU
		{BB6B24B3-2D53-4483-A563-1759855BFEA9}.Release|Any CPU.ActiveCfg = Release|Any CPU
		{BB6B24B3-2D53-4483-A563-1759855BFEA9}.Release|Any CPU.Build.0 = Release|Any CPU
		{BD861FA9-7AF9-459D-88D6-98493D9055C8}.Debug|Any CPU.ActiveCfg = Debug|Any CPU
		{BD861FA9-7AF9-459D-88D6-98493D9055C8}.Debug|Any CPU.Build.0 = Debug|Any CPU
		{BD861FA9-7AF9-459D-88D6-98493D9055C8}.Release|Any CPU.ActiveCfg = Release|Any CPU
		{BD861FA9-7AF9-459D-88D6-98493D9055C8}.Release|Any CPU.Build.0 = Release|Any CPU
		{448028A2-687B-44FA-AE48-15AC9C18470B}.Debug|Any CPU.ActiveCfg = Debug|Any CPU
		{448028A2-687B-44FA-AE48-15AC9C18470B}.Debug|Any CPU.Build.0 = Debug|Any CPU
		{448028A2-687B-44FA-AE48-15AC9C18470B}.Release|Any CPU.ActiveCfg = Release|Any CPU
		{448028A2-687B-44FA-AE48-15AC9C18470B}.Release|Any CPU.Build.0 = Release|Any CPU
		{12F2115C-E4DE-46A6-8CCE-F938B05B250B}.Debug|Any CPU.ActiveCfg = Debug|Any CPU
		{12F2115C-E4DE-46A6-8CCE-F938B05B250B}.Debug|Any CPU.Build.0 = Debug|Any CPU
		{12F2115C-E4DE-46A6-8CCE-F938B05B250B}.Release|Any CPU.ActiveCfg = Release|Any CPU
		{12F2115C-E4DE-46A6-8CCE-F938B05B250B}.Release|Any CPU.Build.0 = Release|Any CPU
		{CF164919-CB09-4346-BA95-BECBB2EE9A81}.Debug|Any CPU.ActiveCfg = Debug|Any CPU
		{CF164919-CB09-4346-BA95-BECBB2EE9A81}.Debug|Any CPU.Build.0 = Debug|Any CPU
		{CF164919-CB09-4346-BA95-BECBB2EE9A81}.Release|Any CPU.ActiveCfg = Release|Any CPU
		{CF164919-CB09-4346-BA95-BECBB2EE9A81}.Release|Any CPU.Build.0 = Release|Any CPU
	EndGlobalSection
	GlobalSection(SolutionProperties) = preSolution
		HideSolutionNode = FALSE
	EndGlobalSection
	GlobalSection(ExtensibilityGlobals) = postSolution
		SolutionGuid = {FE09E8F9-F9B9-44A0-9599-7BD897947B5A}
	EndGlobalSection
EndGlobal
